
Microsoft Visual Studio Solution File, Format Version 12.00
# Visual Studio Version 17
VisualStudioVersion = 17.9.34701.34
MinimumVisualStudioVersion = 10.0.40219.1
Project("{9A19103F-16F7-4668-BE54-9A1E7A4F7556}") = "Talabat.APIS", "Talabat.APIS\Talabat.APIS.csproj", "{B690CC43-9347-4900-8791-F1AF1CFF31E6}"
EndProject
Project("{9A19103F-16F7-4668-BE54-9A1E7A4F7556}") = "Talabat.Core", "Talabat.Core\Talabat.Core.csproj", "{ACF7E983-64D4-45C9-A5D3-B5A4B32E564C}"
EndProject
Project("{9A19103F-16F7-4668-BE54-9A1E7A4F7556}") = "Talabat.Infrastructure", "Talabat.Repository\Talabat.Infrastructure.csproj", "{161F6ED5-C709-4BE9-BC3A-687A7F4E2F1B}"
EndProject
Project("{9A19103F-16F7-4668-BE54-9A1E7A4F7556}") = "Talabat.Service", "Talabat.Service\Talabat.Service.csproj", "{9B52EFA7-14E2-4CF2-A063-3A9794382A6C}"
EndProject
Global
	GlobalSection(SolutionConfigurationPlatforms) = preSolution
		Debug|Any CPU = Debug|Any CPU
		Release|Any CPU = Release|Any CPU
	EndGlobalSection
	GlobalSection(ProjectConfigurationPlatforms) = postSolution
		{B690CC43-9347-4900-8791-F1AF1CFF31E6}.Debug|Any CPU.ActiveCfg = Debug|Any CPU
		{B690CC43-9347-4900-8791-F1AF1CFF31E6}.Debug|Any CPU.Build.0 = Debug|Any CPU
		{B690CC43-9347-4900-8791-F1AF1CFF31E6}.Release|Any CPU.ActiveCfg = Release|Any CPU
		{B690CC43-9347-4900-8791-F1AF1CFF31E6}.Release|Any CPU.Build.0 = Release|Any CPU
		{ACF7E983-64D4-45C9-A5D3-B5A4B32E564C}.Debug|Any CPU.ActiveCfg = Debug|Any CPU
		{ACF7E983-64D4-45C9-A5D3-B5A4B32E564C}.Debug|Any CPU.Build.0 = Debug|Any CPU
		{ACF7E983-64D4-45C9-A5D3-B5A4B32E564C}.Release|Any CPU.ActiveCfg = Release|Any CPU
		{ACF7E983-64D4-45C9-A5D3-B5A4B32E564C}.Release|Any CPU.Build.0 = Release|Any CPU
		{161F6ED5-C709-4BE9-BC3A-687A7F4E2F1B}.Debug|Any CPU.ActiveCfg = Debug|Any CPU
		{161F6ED5-C709-4BE9-BC3A-687A7F4E2F1B}.Debug|Any CPU.Build.0 = Debug|Any CPU
		{161F6ED5-C709-4BE9-BC3A-687A7F4E2F1B}.Release|Any CPU.ActiveCfg = Release|Any CPU
		{161F6ED5-C709-4BE9-BC3A-687A7F4E2F1B}.Release|Any CPU.Build.0 = Release|Any CPU
		{9B52EFA7-14E2-4CF2-A063-3A9794382A6C}.Debug|Any CPU.ActiveCfg = Debug|Any CPU
		{9B52EFA7-14E2-4CF2-A063-3A9794382A6C}.Debug|Any CPU.Build.0 = Debug|Any CPU
		{9B52EFA7-14E2-4CF2-A063-3A9794382A6C}.Release|Any CPU.ActiveCfg = Release|Any CPU
		{9B52EFA7-14E2-4CF2-A063-3A9794382A6C}.Release|Any CPU.Build.0 = Release|Any CPU
	EndGlobalSection
	GlobalSection(SolutionProperties) = preSolution
		HideSolutionNode = FALSE
	EndGlobalSection
	GlobalSection(ExtensibilityGlobals) = postSolution
		SolutionGuid = {17FDBCEF-9797-47D8-88EF-865CADF1D19A}
	EndGlobalSection
EndGlobal
